
Microsoft Visual Studio Solution File, Format Version 12.00
# Visual Studio Version 16
VisualStudioVersion = 16.0.30204.135
MinimumVisualStudioVersion = 10.0.40219.1
Project("{FAE04EC0-301F-11D3-BF4B-00C04F79EFBC}") = "TestApp", "TestApp\TestApp.csproj", "{2E6FC3F7-35B6-4DAF-A2F4-0425236607F7}"
EndProject
Project("{FAE04EC0-301F-11D3-BF4B-00C04F79EFBC}") = "SimpFinanceService", "SimpFinanceService\SimpFinanceService.csproj", "{9FDC2BD2-25B8-4E2C-9BC9-32F3728881A2}"
EndProject
Project("{FAE04EC0-301F-11D3-BF4B-00C04F79EFBC}") = "SimpFinanceService.Tests", "SimpFinanceService.Tests\SimpFinanceService.Tests.csproj", "{D8128EC8-EC60-40BB-B1B7-12A8E419E7DD}"
EndProject
Global
	GlobalSection(SolutionConfigurationPlatforms) = preSolution
		Debug|Any CPU = Debug|Any CPU
		Release|Any CPU = Release|Any CPU
	EndGlobalSection
	GlobalSection(ProjectConfigurationPlatforms) = postSolution
		{2E6FC3F7-35B6-4DAF-A2F4-0425236607F7}.Debug|Any CPU.ActiveCfg = Debug|Any CPU
		{2E6FC3F7-35B6-4DAF-A2F4-0425236607F7}.Debug|Any CPU.Build.0 = Debug|Any CPU
		{2E6FC3F7-35B6-4DAF-A2F4-0425236607F7}.Release|Any CPU.ActiveCfg = Release|Any CPU
		{2E6FC3F7-35B6-4DAF-A2F4-0425236607F7}.Release|Any CPU.Build.0 = Release|Any CPU
		{9FDC2BD2-25B8-4E2C-9BC9-32F3728881A2}.Debug|Any CPU.ActiveCfg = Debug|Any CPU
		{9FDC2BD2-25B8-4E2C-9BC9-32F3728881A2}.Debug|Any CPU.Build.0 = Debug|Any CPU
		{9FDC2BD2-25B8-4E2C-9BC9-32F3728881A2}.Release|Any CPU.ActiveCfg = Release|Any CPU
		{9FDC2BD2-25B8-4E2C-9BC9-32F3728881A2}.Release|Any CPU.Build.0 = Release|Any CPU
		{D8128EC8-EC60-40BB-B1B7-12A8E419E7DD}.Debug|Any CPU.ActiveCfg = Debug|Any CPU
		{D8128EC8-EC60-40BB-B1B7-12A8E419E7DD}.Debug|Any CPU.Build.0 = Debug|Any CPU
		{D8128EC8-EC60-40BB-B1B7-12A8E419E7DD}.Release|Any CPU.ActiveCfg = Release|Any CPU
		{D8128EC8-EC60-40BB-B1B7-12A8E419E7DD}.Release|Any CPU.Build.0 = Release|Any CPU
	EndGlobalSection
	GlobalSection(SolutionProperties) = preSolution
		HideSolutionNode = FALSE
	EndGlobalSection
	GlobalSection(ExtensibilityGlobals) = postSolution
		SolutionGuid = {54897A01-C8E7-4DA0-98D8-7EA1BFF6D394}
	EndGlobalSection
EndGlobal
